PODS:
  - Bolts (1.7.0):
    - Bolts/AppLinks (= 1.7.0)
    - Bolts/Tasks (= 1.7.0)
  - Bolts/AppLinks (1.7.0):
    - Bolts/Tasks
  - Bolts/Tasks (1.7.0)
  - FBSDKCoreKit (4.12.0):
    - Bolts (~> 1.7)
  - FBSDKLoginKit (4.12.0):
    - FBSDKCoreKit
  - LocationKit (3.0.2)
  - Mapbox-iOS-SDK (3.2.2)

DEPENDENCIES:
  - FBSDKCoreKit
  - FBSDKLoginKit
  - LocationKit (~> 3.0.0)
  - Mapbox-iOS-SDK (~> 3.2.2)

SPEC CHECKSUMS:
  Bolts: a0058fa3b331c5a1e4402d534f2dae36dbff31e4
  FBSDKCoreKit: 6e56d5a2a64a755ad4efb5dbeee8f82fb1b99775
  FBSDKLoginKit: 03f68a8d48c2c8bb81d7eb8097973d483543e1f6
  LocationKit: 76441e1fd18be0e390e31fa7c0c88f05ba975d3e
  Mapbox-iOS-SDK: 117ba1b0ed31107d3fe5826878a0f1531775aedc

COCOAPODS: 0.39.0
