// !$*UTF8*$!
{
	archiveVersion = 1;
	classes = {
	};
	objectVersion = 46;
	objects = {

/* Begin PBXBuildFile section */
		1B3A51901D143F7E0099D5BB /* DictionaryUnionExtension.swift in Sources */ = {isa = PBXBuildFile; fileRef = 1B3A518F1D143F7E0099D5BB /* DictionaryUnionExtension.swift */; };
		1B47ECA11D2F475B00D93058 /* DiseaseNameVC.swift in Sources */ = {isa = PBXBuildFile; fileRef = 1B47ECA01D2F475B00D93058 /* DiseaseNameVC.swift */; };
		1B955A991D053F4B003C3BF1 /* RoundedBar.swift in Sources */ = {isa = PBXBuildFile; fileRef = 1B955A981D053F4B003C3BF1 /* RoundedBar.swift */; };
		1BCA83C91CFBD76E004C455A /* AppDelegate.swift in Sources */ = {isa = PBXBuildFile; fileRef = 1BCA83C81CFBD76E004C455A /* AppDelegate.swift */; };
		1BCA83CB1CFBD76E004C455A /* ViewController.swift in Sources */ = {isa = PBXBuildFile; fileRef = 1BCA83CA1CFBD76E004C455A /* ViewController.swift */; };
		1BCA83CE1CFBD76E004C455A /* Main.storyboard in Resources */ = {isa = PBXBuildFile; fileRef = 1BCA83CC1CFBD76E004C455A /* Main.storyboard */; };
		1BCA83D11CFBD76E004C455A /* bio_blast.xcdatamodeld in Sources */ = {isa = PBXBuildFile; fileRef = 1BCA83CF1CFBD76E004C455A /* bio_blast.xcdatamodeld */; };
		1BCA83D31CFBD76E004C455A /* Assets.xcassets in Resources */ = {isa = PBXBuildFile; fileRef = 1BCA83D21CFBD76E004C455A /* Assets.xcassets */; };
		1BCA83D61CFBD76E004C455A /* LaunchScreen.storyboard in Resources */ = {isa = PBXBuildFile; fileRef = 1BCA83D41CFBD76E004C455A /* LaunchScreen.storyboard */; };
		1BCA83E41CFC0BB5004C455A /* LoginVC.swift in Sources */ = {isa = PBXBuildFile; fileRef = 1BCA83E31CFC0BB5004C455A /* LoginVC.swift */; };
		1BCA83E71CFC1F91004C455A /* DataService.swift in Sources */ = {isa = PBXBuildFile; fileRef = 1BCA83E61CFC1F91004C455A /* DataService.swift */; };
		1BCA83EA1CFC20F6004C455A /* Firebase.framework in Frameworks */ = {isa = PBXBuildFile; fileRef = 1BCA83E91CFC20F6004C455A /* Firebase.framework */; };
		1BCA83EC1CFC2148004C455A /* libicucore.tbd in Frameworks */ = {isa = PBXBuildFile; fileRef = 1BCA83EB1CFC2148004C455A /* libicucore.tbd */; };
		1BCA83EE1CFC2156004C455A /* libc++.tbd in Frameworks */ = {isa = PBXBuildFile; fileRef = 1BCA83ED1CFC2156004C455A /* libc++.tbd */; };
		1BCA83F01CFC2160004C455A /* CFNetwork.framework in Frameworks */ = {isa = PBXBuildFile; fileRef = 1BCA83EF1CFC2160004C455A /* CFNetwork.framework */; };
		1BCA83F21CFC2166004C455A /* Security.framework in Frameworks */ = {isa = PBXBuildFile; fileRef = 1BCA83F11CFC2166004C455A /* Security.framework */; };
		1BCA83F41CFC216D004C455A /* SystemConfiguration.framework in Frameworks */ = {isa = PBXBuildFile; fileRef = 1BCA83F31CFC216D004C455A /* SystemConfiguration.framework */; };
		1BCA83F71CFC2358004C455A /* Constants.swift in Sources */ = {isa = PBXBuildFile; fileRef = 1BCA83F61CFC2358004C455A /* Constants.swift */; };
		1BCA83FB1CFD54B6004C455A /* ContactAnnotation.swift in Sources */ = {isa = PBXBuildFile; fileRef = 1BCA83FA1CFD54B6004C455A /* ContactAnnotation.swift */; };
		1BF05BE81D01AF3E0066A314 /* ClippedCircle.swift in Sources */ = {isa = PBXBuildFile; fileRef = 1BF05BE71D01AF3E0066A314 /* ClippedCircle.swift */; };
		1BF05BEC1D01BAC50066A314 /* MapVC.swift in Sources */ = {isa = PBXBuildFile; fileRef = 1BF05BEB1D01BAC50066A314 /* MapVC.swift */; };
		1BF05BF01D01BE8A0066A314 /* RoundedBorderLabel.swift in Sources */ = {isa = PBXBuildFile; fileRef = 1BF05BEF1D01BE8A0066A314 /* RoundedBorderLabel.swift */; };
		71F484D6F6F2D2F4EE6ED0EC /* Pods_bio_blast.framework in Frameworks */ = {isa = PBXBuildFile; fileRef = F94187F363F6785395801311 /* Pods_bio_blast.framework */; };
/* End PBXBuildFile section */

/* Begin PBXFileReference section */
		0E1C014A25BE05B37A9E1D4F /* Pods-bio-blast.debug.xcconfig */ = {isa = PBXFileReference; includeInIndex = 1; lastKnownFileType = text.xcconfig; name = "Pods-bio-blast.debug.xcconfig"; path = "Pods/Target Support Files/Pods-bio-blast/Pods-bio-blast.debug.xcconfig"; sourceTree = "<group>"; };
		1B3A518F1D143F7E0099D5BB /* DictionaryUnionExtension.swift */ = {isa = PBXFileReference; fileEncoding = 4; lastKnownFileType = sourcecode.swift; name = DictionaryUnionExtension.swift; path = ../DictionaryUnionExtension.swift; sourceTree = "<group>"; };
		1B47ECA01D2F475B00D93058 /* DiseaseNameVC.swift */ = {isa = PBXFileReference; fileEncoding = 4; lastKnownFileType = sourcecode.swift; path = DiseaseNameVC.swift; sourceTree = "<group>"; };
		1B955A981D053F4B003C3BF1 /* RoundedBar.swift */ = {isa = PBXFileReference; fileEncoding = 4; lastKnownFileType = sourcecode.swift; path = RoundedBar.swift; sourceTree = "<group>"; };
		1BCA83C51CFBD76E004C455A /* bio-blast.app */ = {isa = PBXFileReference; explicitFileType = wrapper.application; includeInIndex = 0; path = "bio-blast.app"; sourceTree = BUILT_PRODUCTS_DIR; };
		1BCA83C81CFBD76E004C455A /* AppDelegate.swift */ = {isa = PBXFileReference; lastKnownFileType = sourcecode.swift; path = AppDelegate.swift; sourceTree = "<group>"; };
		1BCA83CA1CFBD76E004C455A /* ViewController.swift */ = {isa = PBXFileReference; lastKnownFileType = sourcecode.swift; path = ViewController.swift; sourceTree = "<group>"; };
		1BCA83CD1CFBD76E004C455A /* Base */ = {isa = PBXFileReference; lastKnownFileType = file.storyboard; name = Base; path = Base.lproj/Main.storyboard; sourceTree = "<group>"; };
		1BCA83D01CFBD76E004C455A /* bio_blast.xcdatamodel */ = {isa = PBXFileReference; lastKnownFileType = wrapper.xcdatamodel; path = bio_blast.xcdatamodel; sourceTree = "<group>"; };
		1BCA83D21CFBD76E004C455A /* Assets.xcassets */ = {isa = PBXFileReference; lastKnownFileType = folder.assetcatalog; path = Assets.xcassets; sourceTree = "<group>"; };
		1BCA83D51CFBD76E004C455A /* Base */ = {isa = PBXFileReference; lastKnownFileType = file.storyboard; name = Base; path = Base.lproj/LaunchScreen.storyboard; sourceTree = "<group>"; };
		1BCA83D71CFBD76E004C455A /* Info.plist */ = {isa = PBXFileReference; lastKnownFileType = text.plist.xml; path = Info.plist; sourceTree = "<group>"; };
		1BCA83DD1CFBDBEB004C455A /* bio-blast-Bridging-Header.h */ = {isa = PBXFileReference; lastKnownFileType = sourcecode.c.h; path = "bio-blast-Bridging-Header.h"; sourceTree = "<group>"; };
		1BCA83E31CFC0BB5004C455A /* LoginVC.swift */ = {isa = PBXFileReference; fileEncoding = 4; lastKnownFileType = sourcecode.swift; path = LoginVC.swift; sourceTree = "<group>"; };
		1BCA83E61CFC1F91004C455A /* DataService.swift */ = {isa = PBXFileReference; fileEncoding = 4; lastKnownFileType = sourcecode.swift; path = DataService.swift; sourceTree = "<group>"; };
		1BCA83E91CFC20F6004C455A /* Firebase.framework */ = {isa = PBXFileReference; lastKnownFileType = wrapper.framework; path = Firebase.framework; sourceTree = "<group>"; };
		1BCA83EB1CFC2148004C455A /* libicucore.tbd */ = {isa = PBXFileReference; lastKnownFileType = "sourcecode.text-based-dylib-definition"; name = libicucore.tbd; path = usr/lib/libicucore.tbd; sourceTree = SDKROOT; };
		1BCA83ED1CFC2156004C455A /* libc++.tbd */ = {isa = PBXFileReference; lastKnownFileType = "sourcecode.text-based-dylib-definition"; name = "libc++.tbd"; path = "usr/lib/libc++.tbd"; sourceTree = SDKROOT; };
		1BCA83EF1CFC2160004C455A /* CFNetwork.framework */ = {isa = PBXFileReference; lastKnownFileType = wrapper.framework; name = CFNetwork.framework; path = System/Library/Frameworks/CFNetwork.framework; sourceTree = SDKROOT; };
		1BCA83F11CFC2166004C455A /* Security.framework */ = {isa = PBXFileReference; lastKnownFileType = wrapper.framework; name = Security.framework; path = System/Library/Frameworks/Security.framework; sourceTree = SDKROOT; };
		1BCA83F31CFC216D004C455A /* SystemConfiguration.framework */ = {isa = PBXFileReference; lastKnownFileType = wrapper.framework; name = SystemConfiguration.framework; path = System/Library/Frameworks/SystemConfiguration.framework; sourceTree = SDKROOT; };
		1BCA83F61CFC2358004C455A /* Constants.swift */ = {isa = PBXFileReference; fileEncoding = 4; lastKnownFileType = sourcecode.swift; path = Constants.swift; sourceTree = "<group>"; };
		1BCA83FA1CFD54B6004C455A /* ContactAnnotation.swift */ = {isa = PBXFileReference; fileEncoding = 4; lastKnownFileType = sourcecode.swift; path = ContactAnnotation.swift; sourceTree = "<group>"; };
		1BF05BE71D01AF3E0066A314 /* ClippedCircle.swift */ = {isa = PBXFileReference; fileEncoding = 4; lastKnownFileType = sourcecode.swift; path = ClippedCircle.swift; sourceTree = "<group>"; };
		1BF05BEB1D01BAC50066A314 /* MapVC.swift */ = {isa = PBXFileReference; fileEncoding = 4; lastKnownFileType = sourcecode.swift; path = MapVC.swift; sourceTree = "<group>"; };
		1BF05BEF1D01BE8A0066A314 /* RoundedBorderLabel.swift */ = {isa = PBXFileReference; fileEncoding = 4; lastKnownFileType = sourcecode.swift; path = RoundedBorderLabel.swift; sourceTree = "<group>"; };
		3AEB4874A532E516482D4F0E /* Pods-bio-blast.release.xcconfig */ = {isa = PBXFileReference; includeInIndex = 1; lastKnownFileType = text.xcconfig; name = "Pods-bio-blast.release.xcconfig"; path = "Pods/Target Support Files/Pods-bio-blast/Pods-bio-blast.release.xcconfig"; sourceTree = "<group>"; };
		F94187F363F6785395801311 /* Pods_bio_blast.framework */ = {isa = PBXFileReference; explicitFileType = wrapper.framework; includeInIndex = 0; path = Pods_bio_blast.framework; sourceTree = BUILT_PRODUCTS_DIR; };
/* End PBXFileReference section */

/* Begin PBXFrameworksBuildPhase section */
		1BCA83C21CFBD76E004C455A /* Frameworks */ = {
			isa = PBXFrameworksBuildPhase;
			buildActionMask = 2147483647;
			files = (
				1BCA83F41CFC216D004C455A /* SystemConfiguration.framework in Frameworks */,
				1BCA83F21CFC2166004C455A /* Security.framework in Frameworks */,
				1BCA83F01CFC2160004C455A /* CFNetwork.framework in Frameworks */,
				1BCA83EE1CFC2156004C455A /* libc++.tbd in Frameworks */,
				1BCA83EC1CFC2148004C455A /* libicucore.tbd in Frameworks */,
				71F484D6F6F2D2F4EE6ED0EC /* Pods_bio_blast.framework in Frameworks */,
				1BCA83EA1CFC20F6004C455A /* Firebase.framework in Frameworks */,
			);
			runOnlyForDeploymentPostprocessing = 0;
		};
/* End PBXFrameworksBuildPhase section */

/* Begin PBXGroup section */
		0A4471BE669B8D20EC0BC7C8 /* Frameworks */ = {
			isa = PBXGroup;
			children = (
				1BCA83F31CFC216D004C455A /* SystemConfiguration.framework */,
				1BCA83F11CFC2166004C455A /* Security.framework */,
				1BCA83EF1CFC2160004C455A /* CFNetwork.framework */,
				1BCA83ED1CFC2156004C455A /* libc++.tbd */,
				1BCA83EB1CFC2148004C455A /* libicucore.tbd */,
				F94187F363F6785395801311 /* Pods_bio_blast.framework */,
			);
			name = Frameworks;
			sourceTree = "<group>";
		};
		1BCA83BC1CFBD76D004C455A = {
			isa = PBXGroup;
			children = (
				1BCA83C71CFBD76E004C455A /* bio-blast */,
				1BCA83C61CFBD76E004C455A /* Products */,
				F3CBE6729F5AAD9004900ACF /* Pods */,
				0A4471BE669B8D20EC0BC7C8 /* Frameworks */,
			);
			sourceTree = "<group>";
		};
		1BCA83C61CFBD76E004C455A /* Products */ = {
			isa = PBXGroup;
			children = (
				1BCA83C51CFBD76E004C455A /* bio-blast.app */,
			);
			name = Products;
			sourceTree = "<group>";
		};
		1BCA83C71CFBD76E004C455A /* bio-blast */ = {
			isa = PBXGroup;
			children = (
				1B3A518F1D143F7E0099D5BB /* DictionaryUnionExtension.swift */,
				1BCA83F51CFC2342004C455A /* Util */,
				1BCA83E81CFC20C2004C455A /* Frameworks */,
				1BCA83E51CFC1F6E004C455A /* Services */,
				1BCA83E11CFC0B75004C455A /* View */,
				1BCA83E01CFC0B6F004C455A /* Model */,
				1BCA83E21CFC0B78004C455A /* Controller */,
				1BCA83C81CFBD76E004C455A /* AppDelegate.swift */,
				1BCA83CC1CFBD76E004C455A /* Main.storyboard */,
				1BCA83D21CFBD76E004C455A /* Assets.xcassets */,
				1BCA83D41CFBD76E004C455A /* LaunchScreen.storyboard */,
				1BCA83D71CFBD76E004C455A /* Info.plist */,
				1BCA83CF1CFBD76E004C455A /* bio_blast.xcdatamodeld */,
				1BCA83DD1CFBDBEB004C455A /* bio-blast-Bridging-Header.h */,
			);
			path = "bio-blast";
			sourceTree = "<group>";
		};
		1BCA83E01CFC0B6F004C455A /* Model */ = {
			isa = PBXGroup;
			children = (
			);
			name = Model;
			sourceTree = "<group>";
		};
		1BCA83E11CFC0B75004C455A /* View */ = {
			isa = PBXGroup;
			children = (
				1BCA83FA1CFD54B6004C455A /* ContactAnnotation.swift */,
				1BF05BE71D01AF3E0066A314 /* ClippedCircle.swift */,
				1BF05BEF1D01BE8A0066A314 /* RoundedBorderLabel.swift */,
				1B955A981D053F4B003C3BF1 /* RoundedBar.swift */,
			);
			name = View;
			sourceTree = "<group>";
		};
		1BCA83E21CFC0B78004C455A /* Controller */ = {
			isa = PBXGroup;
			children = (
				1BCA83CA1CFBD76E004C455A /* ViewController.swift */,
				1BCA83E31CFC0BB5004C455A /* LoginVC.swift */,
				1BF05BEB1D01BAC50066A314 /* MapVC.swift */,
				1B47ECA01D2F475B00D93058 /* DiseaseNameVC.swift */,
			);
			name = Controller;
			sourceTree = "<group>";
		};
		1BCA83E51CFC1F6E004C455A /* Services */ = {
			isa = PBXGroup;
			children = (
				1BCA83E61CFC1F91004C455A /* DataService.swift */,
			);
			name = Services;
			sourceTree = "<group>";
		};
		1BCA83E81CFC20C2004C455A /* Frameworks */ = {
			isa = PBXGroup;
			children = (
				1BCA83E91CFC20F6004C455A /* Firebase.framework */,
			);
			name = Frameworks;
			sourceTree = "<group>";
		};
		1BCA83F51CFC2342004C455A /* Util */ = {
			isa = PBXGroup;
			children = (
				1BCA83F61CFC2358004C455A /* Constants.swift */,
			);
			name = Util;
			sourceTree = "<group>";
		};
		F3CBE6729F5AAD9004900ACF /* Pods */ = {
			isa = PBXGroup;
			children = (
				0E1C014A25BE05B37A9E1D4F /* Pods-bio-blast.debug.xcconfig */,
				3AEB4874A532E516482D4F0E /* Pods-bio-blast.release.xcconfig */,
			);
			name = Pods;
			sourceTree = "<group>";
		};
/* End PBXGroup section */

/* Begin PBXNativeTarget section */
		1BCA83C41CFBD76E004C455A /* bio-blast */ = {
			isa = PBXNativeTarget;
			buildConfigurationList = 1BCA83DA1CFBD76E004C455A /* Build configuration list for PBXNativeTarget "bio-blast" */;
			buildPhases = (
				8D67F6A01827A5C66187A5E6 /* Check Pods Manifest.lock */,
				1BCA83C11CFBD76E004C455A /* Sources */,
				1BCA83C21CFBD76E004C455A /* Frameworks */,
				1BCA83C31CFBD76E004C455A /* Resources */,
				C907EE5BE21FD05E27B2C147 /* Embed Pods Frameworks */,
				5625DC4200C469A0AB016D78 /* Copy Pods Resources */,
			);
			buildRules = (
			);
			dependencies = (
			);
			name = "bio-blast";
			productName = "bio-blast";
			productReference = 1BCA83C51CFBD76E004C455A /* bio-blast.app */;
			productType = "com.apple.product-type.application";
		};
/* End PBXNativeTarget section */

/* Begin PBXProject section */
		1BCA83BD1CFBD76E004C455A /* Project object */ = {
			isa = PBXProject;
			attributes = {
				LastSwiftUpdateCheck = 0730;
				LastUpgradeCheck = 0730;
				ORGANIZATIONNAME = AlexBussan;
				TargetAttributes = {
					1BCA83C41CFBD76E004C455A = {
						CreatedOnToolsVersion = 7.3.1;
						DevelopmentTeam = H934CLHA2T;
						SystemCapabilities = {
							com.apple.BackgroundModes = {
								enabled = 1;
							};
						};
					};
				};
			};
			buildConfigurationList = 1BCA83C01CFBD76E004C455A /* Build configuration list for PBXProject "bio-blast" */;
			compatibilityVersion = "Xcode 3.2";
			developmentRegion = English;
			hasScannedForEncodings = 0;
			knownRegions = (
				en,
				Base,
			);
			mainGroup = 1BCA83BC1CFBD76D004C455A;
			productRefGroup = 1BCA83C61CFBD76E004C455A /* Products */;
			projectDirPath = "";
			projectRoot = "";
			targets = (
				1BCA83C41CFBD76E004C455A /* bio-blast */,
			);
		};
/* End PBXProject section */

/* Begin PBXResourcesBuildPhase section */
		1BCA83C31CFBD76E004C455A /* Resources */ = {
			isa = PBXResourcesBuildPhase;
			buildActionMask = 2147483647;
			files = (
				1BCA83D61CFBD76E004C455A /* LaunchScreen.storyboard in Resources */,
				1BCA83D31CFBD76E004C455A /* Assets.xcassets in Resources */,
				1BCA83CE1CFBD76E004C455A /* Main.storyboard in Resources */,
			);
			runOnlyForDeploymentPostprocessing = 0;
		};
/* End PBXResourcesBuildPhase section */

/* Begin PBXShellScriptBuildPhase section */
		5625DC4200C469A0AB016D78 /* Copy Pods Resources */ = {
			isa = PBXShellScriptBuildPhase;
			buildActionMask = 2147483647;
			files = (
			);
			inputPaths = (
			);
			name = "Copy Pods Resources";
			outputPaths = (
			);
			runOnlyForDeploymentPostprocessing = 0;
			shellPath = /bin/sh;
			shellScript = "\"${SRCROOT}/Pods/Target Support Files/Pods-bio-blast/Pods-bio-blast-resources.sh\"\n";
			showEnvVarsInLog = 0;
		};
		8D67F6A01827A5C66187A5E6 /* Check Pods Manifest.lock */ = {
			isa = PBXShellScriptBuildPhase;
			buildActionMask = 2147483647;
			files = (
			);
			inputPaths = (
			);
			name = "Check Pods Manifest.lock";
			outputPaths = (
			);
			runOnlyForDeploymentPostprocessing = 0;
			shellPath = /bin/sh;
			shellScript = "diff \"${PODS_ROOT}/../Podfile.lock\" \"${PODS_ROOT}/Manifest.lock\" > /dev/null\nif [[ $? != 0 ]] ; then\n    cat << EOM\nerror: The sandbox is not in sync with the Podfile.lock. Run 'pod install' or update your CocoaPods installation.\nEOM\n    exit 1\nfi\n";
			showEnvVarsInLog = 0;
		};
		C907EE5BE21FD05E27B2C147 /* Embed Pods Frameworks */ = {
			isa = PBXShellScriptBuildPhase;
			buildActionMask = 2147483647;
			files = (
			);
			inputPaths = (
			);
			name = "Embed Pods Frameworks";
			outputPaths = (
			);
			runOnlyForDeploymentPostprocessing = 0;
			shellPath = /bin/sh;
			shellScript = "\"${SRCROOT}/Pods/Target Support Files/Pods-bio-blast/Pods-bio-blast-frameworks.sh\"\n";
			showEnvVarsInLog = 0;
		};
/* End PBXShellScriptBuildPhase section */

/* Begin PBXSourcesBuildPhase section */
		1BCA83C11CFBD76E004C455A /* Sources */ = {
			isa = PBXSourcesBuildPhase;
			buildActionMask = 2147483647;
			files = (
				1B47ECA11D2F475B00D93058 /* DiseaseNameVC.swift in Sources */,
				1BCA83D11CFBD76E004C455A /* bio_blast.xcdatamodeld in Sources */,
				1BF05BE81D01AF3E0066A314 /* ClippedCircle.swift in Sources */,
				1BCA83CB1CFBD76E004C455A /* ViewController.swift in Sources */,
				1BCA83E41CFC0BB5004C455A /* LoginVC.swift in Sources */,
				1BCA83C91CFBD76E004C455A /* AppDelegate.swift in Sources */,
				1B955A991D053F4B003C3BF1 /* RoundedBar.swift in Sources */,
				1BCA83E71CFC1F91004C455A /* DataService.swift in Sources */,
				1BF05BF01D01BE8A0066A314 /* RoundedBorderLabel.swift in Sources */,
				1BCA83F71CFC2358004C455A /* Constants.swift in Sources */,
				1B3A51901D143F7E0099D5BB /* DictionaryUnionExtension.swift in Sources */,
				1BF05BEC1D01BAC50066A314 /* MapVC.swift in Sources */,
				1BCA83FB1CFD54B6004C455A /* ContactAnnotation.swift in Sources */,
			);
			runOnlyForDeploymentPostprocessing = 0;
		};
/* End PBXSourcesBuildPhase section */

/* Begin PBXVariantGroup section */
		1BCA83CC1CFBD76E004C455A /* Main.storyboard */ = {
			isa = PBXVariantGroup;
			children = (
				1BCA83CD1CFBD76E004C455A /* Base */,
			);
			name = Main.storyboard;
			sourceTree = "<group>";
		};
		1BCA83D41CFBD76E004C455A /* LaunchScreen.storyboard */ = {
			isa = PBXVariantGroup;
			children = (
				1BCA83D51CFBD76E004C455A /* Base */,
			);
			name = LaunchScreen.storyboard;
			sourceTree = "<group>";
		};
/* End PBXVariantGroup section */

/* Begin XCBuildConfiguration section */
		1BCA83D81CFBD76E004C455A /* Debug */ = {
			isa = XCBuildConfiguration;
			buildSettings = {
				ALWAYS_SEARCH_USER_PATHS = NO;
				CLANG_ANALYZER_NONNULL = YES;
				CLANG_CXX_LANGUAGE_STANDARD = "gnu++0x";
				CLANG_CXX_LIBRARY = "libc++";
				CLANG_ENABLE_MODULES = YES;
				CLANG_ENABLE_OBJC_ARC = YES;
				CLANG_WARN_BOOL_CONVERSION = YES;
				CLANG_WARN_CONSTANT_CONVERSION = YES;
				CLANG_WARN_DIRECT_OBJC_ISA_USAGE = YES_ERROR;
				CLANG_WARN_EMPTY_BODY = YES;
				CLANG_WARN_ENUM_CONVERSION = YES;
				CLANG_WARN_INT_CONVERSION = YES;
				CLANG_WARN_OBJC_ROOT_CLASS = YES_ERROR;
				CLANG_WARN_UNREACHABLE_CODE = YES;
				CLANG_WARN__DUPLICATE_METHOD_MATCH = YES;
				"CODE_SIGN_IDENTITY[sdk=iphoneos*]" = "iPhone Developer";
				COPY_PHASE_STRIP = NO;
				DEBUG_INFORMATION_FORMAT = dwarf;
				ENABLE_STRICT_OBJC_MSGSEND = YES;
				ENABLE_TESTABILITY = YES;
				GCC_C_LANGUAGE_STANDARD = gnu99;
				GCC_DYNAMIC_NO_PIC = NO;
				GCC_NO_COMMON_BLOCKS = YES;
				GCC_OPTIMIZATION_LEVEL = 0;
				GCC_PREPROCESSOR_DEFINITIONS = (
					"DEBUG=1",
					"$(inherited)",
				);
				GCC_WARN_64_TO_32_BIT_CONVERSION = YES;
				GCC_WARN_ABOUT_RETURN_TYPE = YES_ERROR;
				GCC_WARN_UNDECLARED_SELECTOR = YES;
				GCC_WARN_UNINITIALIZED_AUTOS = YES_AGGRESSIVE;
				GCC_WARN_UNUSED_FUNCTION = YES;
				GCC_WARN_UNUSED_VARIABLE = YES;
				IPHONEOS_DEPLOYMENT_TARGET = 9.3;
				MTL_ENABLE_DEBUG_INFO = YES;
				ONLY_ACTIVE_ARCH = YES;
				SDKROOT = iphoneos;
				SWIFT_OPTIMIZATION_LEVEL = "-Onone";
				TARGETED_DEVICE_FAMILY = "1,2";
			};
			name = Debug;
		};
		1BCA83D91CFBD76E004C455A /* Release */ = {
			isa = XCBuildConfiguration;
			buildSettings = {
				ALWAYS_SEARCH_USER_PATHS = NO;
				CLANG_ANALYZER_NONNULL = YES;
				CLANG_CXX_LANGUAGE_STANDARD = "gnu++0x";
				CLANG_CXX_LIBRARY = "libc++";
				CLANG_ENABLE_MODULES = YES;
				CLANG_ENABLE_OBJC_ARC = YES;
				CLANG_WARN_BOOL_CONVERSION = YES;
				CLANG_WARN_CONSTANT_CONVERSION = YES;
				CLANG_WARN_DIRECT_OBJC_ISA_USAGE = YES_ERROR;
				CLANG_WARN_EMPTY_BODY = YES;
				CLANG_WARN_ENUM_CONVERSION = YES;
				CLANG_WARN_INT_CONVERSION = YES;
				CLANG_WARN_OBJC_ROOT_CLASS = YES_ERROR;
				CLANG_WARN_UNREACHABLE_CODE = YES;
				CLANG_WARN__DUPLICATE_METHOD_MATCH = YES;
				"CODE_SIGN_IDENTITY[sdk=iphoneos*]" = "iPhone Developer";
				COPY_PHASE_STRIP = NO;
				DEBUG_INFORMATION_FORMAT = "dwarf-with-dsym";
				ENABLE_NS_ASSERTIONS = NO;
				ENABLE_STRICT_OBJC_MSGSEND = YES;
				GCC_C_LANGUAGE_STANDARD = gnu99;
				GCC_NO_COMMON_BLOCKS = YES;
				GCC_WARN_64_TO_32_BIT_CONVERSION = YES;
				GCC_WARN_ABOUT_RETURN_TYPE = YES_ERROR;
				GCC_WARN_UNDECLARED_SELECTOR = YES;
				GCC_WARN_UNINITIALIZED_AUTOS = YES_AGGRESSIVE;
				GCC_WARN_UNUSED_FUNCTION = YES;
				GCC_WARN_UNUSED_VARIABLE = YES;
				IPHONEOS_DEPLOYMENT_TARGET = 9.3;
				MTL_ENABLE_DEBUG_INFO = NO;
				SDKROOT = iphoneos;
				TARGETED_DEVICE_FAMILY = "1,2";
				VALIDATE_PRODUCT = YES;
			};
			name = Release;
		};
		1BCA83DB1CFBD76E004C455A /* Debug */ = {
			isa = XCBuildConfiguration;
			baseConfigurationReference = 0E1C014A25BE05B37A9E1D4F /* Pods-bio-blast.debug.xcconfig */;
			buildSettings = {
				ASSETCATALOG_COMPILER_APPICON_NAME = AppIcon;
				CLANG_ENABLE_MODULES = YES;
				CODE_SIGN_IDENTITY = "iPhone Developer";
				FRAMEWORK_SEARCH_PATHS = (
					"$(inherited)",
					"$(PROJECT_DIR)/bio-blast",
				);
				INFOPLIST_FILE = "bio-blast/Info.plist";
				IPHONEOS_DEPLOYMENT_TARGET = 8.0;
				LD_RUNPATH_SEARCH_PATHS = "$(inherited) @executable_path/Frameworks";
				PRODUCT_BUNDLE_IDENTIFIER = "com.AlexBussan.bio-blast";
				PRODUCT_NAME = "$(TARGET_NAME)";
				SWIFT_OBJC_BRIDGING_HEADER = "bio-blast/bio-blast-Bridging-Header.h";
				SWIFT_OPTIMIZATION_LEVEL = "-Onone";
			};
			name = Debug;
		};
		1BCA83DC1CFBD76E004C455A /* Release */ = {
			isa = XCBuildConfiguration;
			baseConfigurationReference = 3AEB4874A532E516482D4F0E /* Pods-bio-blast.release.xcconfig */;
			buildSettings = {
				ASSETCATALOG_COMPILER_APPICON_NAME = AppIcon;
				CLANG_ENABLE_MODULES = YES;
				CODE_SIGN_IDENTITY = "iPhone Developer";
				FRAMEWORK_SEARCH_PATHS = (
					"$(inherited)",
					"$(PROJECT_DIR)/bio-blast",
				);
				INFOPLIST_FILE = "bio-blast/Info.plist";
				IPHONEOS_DEPLOYMENT_TARGET = 8.0;
				LD_RUNPATH_SEARCH_PATHS = "$(inherited) @executable_path/Frameworks";
				PRODUCT_BUNDLE_IDENTIFIER = "com.AlexBussan.bio-blast";
				PRODUCT_NAME = "$(TARGET_NAME)";
				SWIFT_OBJC_BRIDGING_HEADER = "bio-blast/bio-blast-Bridging-Header.h";
			};
			name = Release;
		};
/* End XCBuildConfiguration section */

/* Begin XCConfigurationList section */
		1BCA83C01CFBD76E004C455A /* Build configuration list for PBXProject "bio-blast" */ = {
			isa = XCConfigurationList;
			buildConfigurations = (
				1BCA83D81CFBD76E004C455A /* Debug */,
				1BCA83D91CFBD76E004C455A /* Release */,
			);
			defaultConfigurationIsVisible = 0;
			defaultConfigurationName = Release;
		};
		1BCA83DA1CFBD76E004C455A /* Build configuration list for PBXNativeTarget "bio-blast" */ = {
			isa = XCConfigurationList;
			buildConfigurations = (
				1BCA83DB1CFBD76E004C455A /* Debug */,
				1BCA83DC1CFBD76E004C455A /* Release */,
			);
			defaultConfigurationIsVisible = 0;
			defaultConfigurationName = Release;
		};
/* End XCConfigurationList section */

/* Begin XCVersionGroup section */
		1BCA83CF1CFBD76E004C455A /* bio_blast.xcdatamodeld */ = {
			isa = XCVersionGroup;
			children = (
				1BCA83D01CFBD76E004C455A /* bio_blast.xcdatamodel */,
			);
			currentVersion = 1BCA83D01CFBD76E004C455A /* bio_blast.xcdatamodel */;
			path = bio_blast.xcdatamodeld;
			sourceTree = "<group>";
			versionGroupType = wrapper.xcdatamodel;
		};
/* End XCVersionGroup section */
	};
	rootObject = 1BCA83BD1CFBD76E004C455A /* Project object */;
}
